# THIS IS AN AUTOGENERATED FILE. DO NOT EDIT THIS FILE DIRECTLY.
# yarn lockfile v1


"@babel/code-frame@^7.12.13":
  "integrity" "sha1-DfyAMJvuyEEeZecGRhxAiwu5tDE="
  "resolved" "https://rg.cnpmjs.org/@babel/code-frame/download/@babel/code-frame-7.16.0.tgz"
  "version" "7.16.0"
  dependencies:
    "@babel/highlight" "^7.16.0"

"@babel/helper-validator-identifier@^7.15.7":
  "integrity" "sha1-Ig35k7/pBKSmsCq08zhaXr9uI4k="
  "resolved" "https://rg.cnpmjs.org/@babel/helper-validator-identifier/download/@babel/helper-validator-identifier-7.15.7.tgz"
  "version" "7.15.7"

"@babel/highlight@^7.16.0":
  "integrity" "sha1-bOsysspLj182H7f9gh4/3fShclo="
  "resolved" "https://rg.cnpmjs.org/@babel/highlight/download/@babel/highlight-7.16.0.tgz"
  "version" "7.16.0"
  dependencies:
    "@babel/helper-validator-identifier" "^7.15.7"
    "chalk" "^2.0.0"
    "js-tokens" "^4.0.0"

"@hapi/hoek@^9.0.0":
  "integrity" "sha1-85M6RONlhk9NrV25QVgQbVEegTE="
  "resolved" "https://registry.npm.taobao.org/@hapi/hoek/download/@hapi/hoek-9.2.0.tgz?cache=0&sync_timestamp=1618694570157&other_urls=https%3A%2F%2Fregistry.npm.taobao.org%2F%40hapi%2Fhoek%2Fdownload%2F%40hapi%2Fhoek-9.2.0.tgz"
  "version" "9.2.0"

"@hapi/topo@^5.0.0":
  "integrity" "sha1-3ESOMyxsbjek3AL9hLqNRLmvsBI="
  "resolved" "https://registry.nlark.com/@hapi/topo/download/@hapi/topo-5.1.0.tgz"
  "version" "5.1.0"
  dependencies:
    "@hapi/hoek" "^9.0.0"

"@sideway/address@^4.1.0":
  "integrity" "sha1-gRuEMzozVznTlpz8Q0c2JoFwytE="
  "resolved" "https://registry.nlark.com/@sideway/address/download/@sideway/address-4.1.2.tgz?cache=0&sync_timestamp=1620367945721&other_urls=https%3A%2F%2Fregistry.nlark.com%2F%40sideway%2Faddress%2Fdownload%2F%40sideway%2Faddress-4.1.2.tgz"
  "version" "4.1.2"
  dependencies:
    "@hapi/hoek" "^9.0.0"

"@sideway/formula@^3.0.0":
  "integrity" "sha1-/hWK7jLmvV3oUES+YVvAhHigoTw="
  "resolved" "https://registry.npm.taobao.org/@sideway/formula/download/@sideway/formula-3.0.0.tgz"
  "version" "3.0.0"

"@sideway/pinpoint@^2.0.0":
  "integrity" "sha1-z/j/rcNyrSn9P3gneusp5jLMcN8="
  "resolved" "https://registry.npm.taobao.org/@sideway/pinpoint/download/@sideway/pinpoint-2.0.0.tgz"
  "version" "2.0.0"

"@types/linkify-it@*":
  "integrity" "sha1-/SzS7bqn6qx+fzwXSLUqGRQ4Rsk="
  "resolved" "https://registry.npmmirror.com/@types/linkify-it/download/@types/linkify-it-3.0.2.tgz"
  "version" "3.0.2"

"@types/markdown-it@*":
  "integrity" "sha1-DW9uXkE/jaqiZSKQRZe+PWzZO1E="
  "resolved" "https://registry.npmmirror.com/@types/markdown-it/download/@types/markdown-it-12.2.3.tgz"
  "version" "12.2.3"
  dependencies:
    "@types/linkify-it" "*"
    "@types/mdurl" "*"

"@types/mdurl@*":
  "integrity" "sha1-4s6dg6YTus8oTHvn1JGUXjnh+Ok="
  "resolved" "https://registry.npmmirror.com/@types/mdurl/download/@types/mdurl-1.0.2.tgz"
  "version" "1.0.2"

"acorn@^8.6.0":
  "integrity" "sha512-U1riIR+lBSNi3IbxtaHOIKdH8sLFv3NYfNv8sg7ZsNhcfl4HF2++BfqqrNAxoCLQW1iiylOj76ecnaUxz+z9yw=="
  "resolved" "https://rg.cnpmjs.org/acorn/download/acorn-8.6.0.tgz"
  "version" "8.6.0"

"ansi-styles@^3.2.1":
  "integrity" "sha1-QfuyAkPlCxK+DwS43tvwdSDOhB0="
  "resolved" "https://rg.cnpmjs.org/ansi-styles/download/ansi-styles-3.2.1.tgz"
  "version" "3.2.1"
  dependencies:
    "color-convert" "^1.9.0"

"ansi-styles@^4.1.0":
  "integrity" "sha1-7dgDYornHATIWuegkG7a00tkiTc="
  "resolved" "https://registry.nlark.com/ansi-styles/download/ansi-styles-4.3.0.tgz"
  "version" "4.3.0"
  dependencies:
    "color-convert" "^2.0.1"

"argparse@^2.0.1":
  "integrity" "sha1-JG9Q88p4oyQPbJl+ipvR6sSeSzg="
  "resolved" "https://registry.nlark.com/argparse/download/argparse-2.0.1.tgz"
  "version" "2.0.1"

"base64id@^2.0.0":
  "integrity" "sha1-J3Csa8R9MSr5eov5pjQ0LgzSXLY="
  "resolved" "https://registry.npm.taobao.org/base64id/download/base64id-2.0.0.tgz"
  "version" "2.0.0"

"big.js@^5.2.2":
  "integrity" "sha1-ZfCvOC9Xi83HQr2cKB6cstd2gyg="
  "resolved" "https://registry.nlark.com/big.js/download/big.js-5.2.2.tgz"
  "version" "5.2.2"

"bufferutil@^4.0.1":
  "integrity" "sha1-ZnJLdWvtI818KMTTBteZT5lDzGs="
  "resolved" "https://registry.npm.taobao.org/bufferutil/download/bufferutil-4.0.3.tgz"
  "version" "4.0.3"
  dependencies:
    "node-gyp-build" "^4.2.0"

"chalk@^2.0.0":
  "integrity" "sha1-zUJUFnelQzPPVBpJEIwUMrRMlCQ="
  "resolved" "https://rg.cnpmjs.org/chalk/download/chalk-2.4.2.tgz"
  "version" "2.4.2"
  dependencies:
    "ansi-styles" "^3.2.1"
    "escape-string-regexp" "^1.0.5"
    "supports-color" "^5.3.0"

"chalk@^4.1.0":
  "integrity" "sha1-yAs/qyi/Y3HmhjMl7uZ+YYt35q0="
  "resolved" "https://registry.nlark.com/chalk/download/chalk-4.1.1.tgz?cache=0&sync_timestamp=1618995367379&other_urls=https%3A%2F%2Fregistry.nlark.com%2Fchalk%2Fdownload%2Fchalk-4.1.1.tgz"
  "version" "4.1.1"
  dependencies:
    "ansi-styles" "^4.1.0"
    "supports-color" "^7.1.0"

"chrome-remote-interface@^0.31.0":
  "integrity" "sha1-C6VUkEfLvq3ayfiY3ON3IRcNKiE="
  "resolved" "https://registry.nlark.com/chrome-remote-interface/download/chrome-remote-interface-0.31.0.tgz"
  "version" "0.31.0"
  dependencies:
    "commander" "2.11.x"
    "ws" "^7.2.0"

"color-convert@^1.9.0":
  "integrity" "sha1-u3GFBpDh8TZWfeYp0tVHHe2kweg="
  "resolved" "https://rg.cnpmjs.org/color-convert/download/color-convert-1.9.3.tgz"
  "version" "1.9.3"
  dependencies:
    "color-name" "1.1.3"

"color-convert@^2.0.1":
  "integrity" "sha1-ctOmjVmMm9s68q0ehPIdiWq9TeM="
  "resolved" "https://registry.npm.taobao.org/color-convert/download/color-convert-2.0.1.tgz?cache=0&sync_timestamp=1566248870121&other_urls=https%3A%2F%2Fregistry.npm.taobao.org%2Fcolor-convert%2Fdownload%2Fcolor-convert-2.0.1.tgz"
  "version" "2.0.1"
  dependencies:
    "color-name" "~1.1.4"

"color-name@~1.1.4":
  "integrity" "sha1-wqCah6y95pVD3m9j+jmVyCbFNqI="
  "resolved" "https://registry.npm.taobao.org/color-name/download/color-name-1.1.4.tgz"
  "version" "1.1.4"

"color-name@1.1.3":
  "integrity" "sha1-p9BVi9icQveV3UIyj3QIMcpTvCU="
  "resolved" "https://rg.cnpmjs.org/color-name/download/color-name-1.1.3.tgz"
  "version" "1.1.3"

"commander@2.11.x":
  "integrity" "sha1-FXFS/R56bI2YpbcVzzdt+SgARWM="
  "resolved" "https://registry.nlark.com/commander/download/commander-2.11.0.tgz?cache=0&sync_timestamp=1624609539421&other_urls=https%3A%2F%2Fregistry.nlark.com%2Fcommander%2Fdownload%2Fcommander-2.11.0.tgz"
  "version" "2.11.0"

"core-util-is@~1.0.0":
  "integrity" "sha1-tf1UIgqivFq1eqtxQMlAdUUDwac="
  "resolved" "https://registry.npm.taobao.org/core-util-is/download/core-util-is-1.0.2.tgz"
  "version" "1.0.2"

"deep-is@^0.1.3":
  "integrity" "sha1-pvLc5hL63S7x9Rm3NVHxfoUZmDE="
  "resolved" "https://rg.cnpmjs.org/deep-is/download/deep-is-0.1.4.tgz"
  "version" "0.1.4"

"doctrine@^3.0.0":
  "integrity" "sha1-rd6+rXKmV023g2OdyHoSF3OXOWE="
  "resolved" "https://registry.nlark.com/doctrine/download/doctrine-3.0.0.tgz"
  "version" "3.0.0"
  dependencies:
    "esutils" "^2.0.2"

"emojis-list@^3.0.0":
  "integrity" "sha1-VXBmIEatKeLpFucariYKvf9Pang="
  "resolved" "https://registry.npm.taobao.org/emojis-list/download/emojis-list-3.0.0.tgz"
  "version" "3.0.0"

"entities@~2.1.0":
  "integrity" "sha1-mS0xKc999ocLlsV4WMJJoSD4uLU="
  "resolved" "https://registry.nlark.com/entities/download/entities-2.1.0.tgz?cache=0&sync_timestamp=1628508189267&other_urls=https%3A%2F%2Fregistry.nlark.com%2Fentities%2Fdownload%2Fentities-2.1.0.tgz"
  "version" "2.1.0"

"errno@^0.1.3":
  "integrity" "sha1-i7Ppx9Rjvkl2/4iPdrSAnrwugR8="
  "resolved" "https://registry.npm.taobao.org/errno/download/errno-0.1.8.tgz"
  "version" "0.1.8"
  dependencies:
    "prr" "~1.0.1"

"escape-string-regexp@^1.0.5":
  "integrity" "sha1-G2HAViGQqN/2rjuyzwIAyhMLhtQ="
  "resolved" "https://rg.cnpmjs.org/escape-string-regexp/download/escape-string-regexp-1.0.5.tgz"
  "version" "1.0.5"

"eslump@^3.0.0":
  "integrity" "sha1-zp+auE/9Zg1e70D0vHp5ynhexgQ="
  "resolved" "https://rg.cnpmjs.org/eslump/download/eslump-3.0.0.tgz"
  "version" "3.0.0"
  dependencies:
    "@babel/code-frame" "^7.12.13"
    "mkdirp" "^1.0.4"
    "optionator" "^0.9.1"
    "random-int" "^2.0.1"
    "random-item" "^3.1.0"
    "shift-codegen" "^7.0.3"
    "shift-fuzzer" "^2.0.0"
    "shift-parser" "^7.0.3"
    "shift-reducer" "^6.0.0"

"esutils@^2.0.2":
  "integrity" "sha1-dNLrTeC42hKTcRkQ1Qd1ubcQ72Q="
  "resolved" "https://registry.npm.taobao.org/esutils/download/esutils-2.0.3.tgz"
  "version" "2.0.3"

"fast-levenshtein@^2.0.6":
  "integrity" "sha1-PYpcZog6FqMMqGQ+hR8Zuqd5eRc="
  "resolved" "https://rg.cnpmjs.org/fast-levenshtein/download/fast-levenshtein-2.0.6.tgz"
  "version" "2.0.6"

"fs-extra@^10.0.0":
  "integrity" "sha1-n/YbZV3eU/s0qC34S7IUzoAuF8E="
  "resolved" "https://registry.nlark.com/fs-extra/download/fs-extra-10.0.0.tgz"
  "version" "10.0.0"
  dependencies:
    "graceful-fs" "^4.2.0"
    "jsonfile" "^6.0.1"
    "universalify" "^2.0.0"

"graceful-fs@^4.1.6", "graceful-fs@^4.2.0":
  "integrity" "sha1-/wQLKwhTsjw9MQJ1I3BvGIXXa+4="
  "resolved" "https://registry.npm.taobao.org/graceful-fs/download/graceful-fs-4.2.6.tgz"
  "version" "4.2.6"

"has-flag@^3.0.0":
  "integrity" "sha1-tdRU3CGZriJWmfNGfloH87lVuv0="
  "resolved" "https://rg.cnpmjs.org/has-flag/download/has-flag-3.0.0.tgz"
  "version" "3.0.0"

"has-flag@^4.0.0":
  "integrity" "sha1-lEdx/ZyByBJlxNaUGGDaBrtZR5s="
  "resolved" "https://registry.npm.taobao.org/has-flag/download/has-flag-4.0.0.tgz"
  "version" "4.0.0"

"hash-sum@^2.0.0":
  "integrity" "sha1-gdAbtd6OpKIUrV1urRtSNGCwtFo="
  "resolved" "https://registry.npmmirror.com/hash-sum/download/hash-sum-2.0.0.tgz"
  "version" "2.0.0"

"inherits@~2.0.3":
  "integrity" "sha1-D6LGT5MpF8NDOg3tVTY6rjdBa3w="
  "resolved" "https://registry.npm.taobao.org/inherits/download/inherits-2.0.4.tgz?cache=0&sync_timestamp=1560975547815&other_urls=https%3A%2F%2Fregistry.npm.taobao.org%2Finherits%2Fdownload%2Finherits-2.0.4.tgz"
  "version" "2.0.4"

"isarray@~1.0.0":
  "integrity" "sha1-u5NdSFgsuhaMBoNJV6VKPgcSTxE="
  "resolved" "https://registry.npm.taobao.org/isarray/download/isarray-1.0.0.tgz?cache=0&sync_timestamp=1562592096220&other_urls=https%3A%2F%2Fregistry.npm.taobao.org%2Fisarray%2Fdownload%2Fisarray-1.0.0.tgz"
  "version" "1.0.0"

"joi@^17.4.0":
  "integrity" "sha1-FdLyPIy+TRut7S3RkMWPjb4RzKA="
  "resolved" "https://registry.nlark.com/joi/download/joi-17.4.1.tgz"
  "version" "17.4.1"
  dependencies:
    "@hapi/hoek" "^9.0.0"
    "@hapi/topo" "^5.0.0"
    "@sideway/address" "^4.1.0"
    "@sideway/formula" "^3.0.0"
    "@sideway/pinpoint" "^2.0.0"

"js-tokens@^4.0.0":
  "integrity" "sha1-GSA/tZmR35jjoocFDUZHzerzJJk="
  "resolved" "https://rg.cnpmjs.org/js-tokens/download/js-tokens-4.0.0.tgz"
  "version" "4.0.0"

"json5@^2.1.2":
  "integrity" "sha1-Lf7+cgxrpSXZ69kJlQ8FFTFsiaM="
  "resolved" "https://registry.npm.taobao.org/json5/download/json5-2.2.0.tgz"
  "version" "2.2.0"
  dependencies:
    "minimist" "^1.2.5"

"jsonfile@^6.0.1":
  "integrity" "sha1-vFWyY0eTxnnsZAMJTrE2mKbsCq4="
  "resolved" "https://registry.npm.taobao.org/jsonfile/download/jsonfile-6.1.0.tgz?cache=0&sync_timestamp=1604161797011&other_urls=https%3A%2F%2Fregistry.npm.taobao.org%2Fjsonfile%2Fdownload%2Fjsonfile-6.1.0.tgz"
  "version" "6.1.0"
  dependencies:
    "universalify" "^2.0.0"
  optionalDependencies:
    "graceful-fs" "^4.1.6"

"levn@^0.4.1":
  "integrity" "sha1-rkViwAdHO5MqYgDUAyaN0v/8at4="
  "resolved" "https://rg.cnpmjs.org/levn/download/levn-0.4.1.tgz"
  "version" "0.4.1"
  dependencies:
    "prelude-ls" "^1.2.1"
    "type-check" "~0.4.0"

"linkify-it@^3.0.1":
  "integrity" "sha1-qYuvRM5FpVDvtNScdp0HUkzC+i4="
  "resolved" "https://registry.npmmirror.com/linkify-it/download/linkify-it-3.0.3.tgz"
  "version" "3.0.3"
  dependencies:
    "uc.micro" "^1.0.1"

"loader-utils@^2.0.0":
  "integrity" "sha1-5MrOW4FtQloWa18JfhDNErNgZLA="
  "resolved" "https://registry.npm.taobao.org/loader-utils/download/loader-utils-2.0.0.tgz"
  "version" "2.0.0"
  dependencies:
    "big.js" "^5.2.2"
    "emojis-list" "^3.0.0"
    "json5" "^2.1.2"

"markdown-it-anchor@^8.4.1":
  "integrity" "sha1-KeVgWT9e24CyX9q4sj+T74qRsx4="
  "resolved" "https://registry.npmmirror.com/markdown-it-anchor/download/markdown-it-anchor-8.4.1.tgz"
  "version" "8.4.1"

"markdown-it@*", "markdown-it@^12.2.0":
  "integrity" "sha1-CR9yD9XbIG+A3nqNHxpwNf0NONs="
  "resolved" "https://registry.nlark.com/markdown-it/download/markdown-it-12.2.0.tgz?cache=0&sync_timestamp=1627928755354&other_urls=https%3A%2F%2Fregistry.nlark.com%2Fmarkdown-it%2Fdownload%2Fmarkdown-it-12.2.0.tgz"
  "version" "12.2.0"
  dependencies:
    "argparse" "^2.0.1"
    "entities" "~2.1.0"
    "linkify-it" "^3.0.1"
    "mdurl" "^1.0.1"
    "uc.micro" "^1.0.5"

"mdurl@^1.0.1":
  "integrity" "sha1-/oWy7HWlkDfyrf7BAP1sYBdhFS4="
  "resolved" "https://registry.npm.taobao.org/mdurl/download/mdurl-1.0.1.tgz"
  "version" "1.0.1"

"memory-fs@^0.5.0":
  "integrity" "sha1-MkwBKIuIZSlm0WHbd4OHIIRajjw="
  "resolved" "https://registry.npm.taobao.org/memory-fs/download/memory-fs-0.5.0.tgz?cache=0&sync_timestamp=1599056143395&other_urls=https%3A%2F%2Fregistry.npm.taobao.org%2Fmemory-fs%2Fdownload%2Fmemory-fs-0.5.0.tgz"
  "version" "0.5.0"
  dependencies:
    "errno" "^0.1.3"
    "readable-stream" "^2.0.1"

"mime@^2.5.2":
  "integrity" "sha1-bj3GzCuVEGQ4MOXxnVy3U9pe6r4="
  "resolved" "https://registry.npm.taobao.org/mime/download/mime-2.5.2.tgz"
  "version" "2.5.2"

"minimist@^1.2.5":
  "integrity" "sha1-Z9ZgFLZqaoqqDAg8X9WN9OTpdgI="
  "resolved" "https://registry.npm.taobao.org/minimist/download/minimist-1.2.5.tgz?cache=0&sync_timestamp=1584060927134&other_urls=https%3A%2F%2Fregistry.npm.taobao.org%2Fminimist%2Fdownload%2Fminimist-1.2.5.tgz"
  "version" "1.2.5"

"mkdirp@^1.0.4":
  "integrity" "sha1-PrXtYmInVteaXw4qIh3+utdcL34="
  "resolved" "https://rg.cnpmjs.org/mkdirp/download/mkdirp-1.0.4.tgz"
  "version" "1.0.4"

"multimap@^1.0.2":
  "integrity" "sha1-UmP+vAhaF5HDO1m7OvxqdqKhDKg="
  "resolved" "https://rg.cnpmjs.org/multimap/download/multimap-1.1.0.tgz"
  "version" "1.1.0"

"node-gyp-build@^4.2.0":
  "integrity" "sha1-zmJ3+FODX3GIKe+0fbIPPk2cRzk="
  "resolved" "https://registry.npm.taobao.org/node-gyp-build/download/node-gyp-build-4.2.3.tgz?cache=0&sync_timestamp=1595241892444&other_urls=https%3A%2F%2Fregistry.npm.taobao.org%2Fnode-gyp-build%2Fdownload%2Fnode-gyp-build-4.2.3.tgz"
  "version" "4.2.3"

"object-assign@^4.1.0":
  "integrity" "sha1-IQmtx5ZYh8/AXLvUQsrIv7s2CGM="
  "resolved" "https://rg.cnpmjs.org/object-assign/download/object-assign-4.1.1.tgz"
  "version" "4.1.1"

"optionator@^0.9.1":
  "integrity" "sha1-TyNqY3Pa4FZqbUPhMmZ09QwpFJk="
  "resolved" "https://rg.cnpmjs.org/optionator/download/optionator-0.9.1.tgz"
  "version" "0.9.1"
  dependencies:
    "deep-is" "^0.1.3"
    "fast-levenshtein" "^2.0.6"
    "levn" "^0.4.1"
    "prelude-ls" "^1.2.1"
    "type-check" "^0.4.0"
    "word-wrap" "^1.2.3"

"prelude-ls@^1.2.1":
  "integrity" "sha1-3rxkidem5rDnYRiIzsiAM30xY5Y="
  "resolved" "https://rg.cnpmjs.org/prelude-ls/download/prelude-ls-1.2.1.tgz"
  "version" "1.2.1"

"process-nextick-args@~2.0.0":
  "integrity" "sha1-eCDZsWEgzFXKmud5JoCufbptf+I="
  "resolved" "https://registry.npm.taobao.org/process-nextick-args/download/process-nextick-args-2.0.1.tgz?cache=0&other_urls=https%3A%2F%2Fregistry.npm.taobao.org%2Fprocess-nextick-args%2Fdownload%2Fprocess-nextick-args-2.0.1.tgz"
  "version" "2.0.1"

"prr@~1.0.1":
  "integrity" "sha1-0/wRS6BplaRexok/SEzrHXj19HY="
  "resolved" "https://registry.npm.taobao.org/prr/download/prr-1.0.1.tgz"
  "version" "1.0.1"

"random-int@^2.0.1":
  "integrity" "sha1-0HL+KY4v0SpzDt3ncpFot7iNzqM="
  "resolved" "https://rg.cnpmjs.org/random-int/download/random-int-2.0.1.tgz"
  "version" "2.0.1"

"random-item@^3.1.0":
  "integrity" "sha1-sEJWRrBikgWf2Kr0vfDATPQm9iU="
  "resolved" "https://rg.cnpmjs.org/random-item/download/random-item-3.1.0.tgz"
  "version" "3.1.0"

"randombytes@^2.1.0":
  "integrity" "sha1-32+ENy8CcNxlzfYpE0mrekc9Tyo="
  "resolved" "https://rg.cnpmjs.org/randombytes/download/randombytes-2.1.0.tgz"
  "version" "2.1.0"
  dependencies:
    "safe-buffer" "^5.1.0"

"readable-stream@^2.0.1":
  "integrity" "sha1-Hsoc9xGu+BTAT2IlKjamL2yyO1c="
  "resolved" "https://registry.npm.taobao.org/readable-stream/download/readable-stream-2.3.7.tgz"
  "version" "2.3.7"
  dependencies:
    "core-util-is" "~1.0.0"
    "inherits" "~2.0.3"
    "isarray" "~1.0.0"
    "process-nextick-args" "~2.0.0"
    "safe-buffer" "~5.1.1"
    "string_decoder" "~1.1.1"
    "util-deprecate" "~1.0.1"

"safe-buffer@^5.1.0", "safe-buffer@~5.1.0", "safe-buffer@~5.1.1":
  "integrity" "sha1-mR7GnSluAxN0fVm9/St0XDX4go0="
  "resolved" "https://registry.npm.taobao.org/safe-buffer/download/safe-buffer-5.1.2.tgz"
  "version" "5.1.2"

"serialize-javascript@^6.0.0":
  "integrity" "sha1-765diPRdeSQUHai1w6en5mP+/rg="
  "resolved" "https://rg.cnpmjs.org/serialize-javascript/download/serialize-javascript-6.0.0.tgz"
  "version" "6.0.0"
  dependencies:
    "randombytes" "^2.1.0"

"shift-ast@6.0.0":
  "integrity" "sha1-evKxAvj56FbYS08pnd4ctUJFQMw="
  "resolved" "https://rg.cnpmjs.org/shift-ast/download/shift-ast-6.0.0.tgz"
  "version" "6.0.0"

"shift-ast@6.1.0":
  "integrity" "sha1-I3DKw+QHZlbkmtTGYtgdxR/Vg3w="
  "resolved" "https://rg.cnpmjs.org/shift-ast/download/shift-ast-6.1.0.tgz"
  "version" "6.1.0"

"shift-codegen@^7.0.3":
  "integrity" "sha1-Njm+OObQlqhRI/ZuO9FdLMr4RHM="
  "resolved" "https://rg.cnpmjs.org/shift-codegen/download/shift-codegen-7.0.3.tgz"
  "version" "7.0.3"
  dependencies:
    "esutils" "^2.0.2"
    "object-assign" "^4.1.0"
    "shift-reducer" "6.0.0"

"shift-fuzzer@^2.0.0":
  "integrity" "sha1-im5jpLMIlRa6Vnv0scKpoLbQkOY="
  "resolved" "https://rg.cnpmjs.org/shift-fuzzer/download/shift-fuzzer-2.0.0.tgz"
  "version" "2.0.0"
  dependencies:
    "shift-ast" "6.1.0"

"shift-parser@^7.0.3":
  "integrity" "sha1-stBC0r/EapEWuHziCijwam8w5Oc="
  "resolved" "https://rg.cnpmjs.org/shift-parser/download/shift-parser-7.0.3.tgz"
  "version" "7.0.3"
  dependencies:
    "multimap" "^1.0.2"
    "shift-ast" "6.0.0"
    "shift-reducer" "6.0.0"
    "shift-regexp-acceptor" "2.0.3"

"shift-reducer@^6.0.0", "shift-reducer@6.0.0":
  "integrity" "sha1-8NSz1KL1zbYG/y57EWdZ95BnHSA="
  "resolved" "https://rg.cnpmjs.org/shift-reducer/download/shift-reducer-6.0.0.tgz"
  "version" "6.0.0"
  dependencies:
    "shift-ast" "6.0.0"

"shift-regexp-acceptor@2.0.3":
  "integrity" "sha1-pgfDtiKZRjn2mUbGJhplZkIoc5w="
  "resolved" "https://rg.cnpmjs.org/shift-regexp-acceptor/download/shift-regexp-acceptor-2.0.3.tgz"
  "version" "2.0.3"
  dependencies:
    "unicode-match-property-ecmascript" "1.0.4"
    "unicode-match-property-value-ecmascript" "1.0.2"
    "unicode-property-aliases-ecmascript" "1.0.4"

"string_decoder@~1.1.1":
  "integrity" "sha1-nPFhG6YmhdcDCunkujQUnDrwP8g="
  "resolved" "https://registry.npm.taobao.org/string_decoder/download/string_decoder-1.1.1.tgz"
  "version" "1.1.1"
  dependencies:
    "safe-buffer" "~5.1.0"

"supports-color@^5.3.0":
  "integrity" "sha1-4uaaRKyHcveKHsCzW2id9lMO/I8="
  "resolved" "https://rg.cnpmjs.org/supports-color/download/supports-color-5.5.0.tgz"
  "version" "5.5.0"
  dependencies:
    "has-flag" "^3.0.0"

"supports-color@^7.1.0":
  "integrity" "sha1-G33NyzK4E4gBs+R4umpRyqiWSNo="
  "resolved" "https://registry.nlark.com/supports-color/download/supports-color-7.2.0.tgz?cache=0&sync_timestamp=1622293670728&other_urls=https%3A%2F%2Fregistry.nlark.com%2Fsupports-color%2Fdownload%2Fsupports-color-7.2.0.tgz"
  "version" "7.2.0"
  dependencies:
    "has-flag" "^4.0.0"

"type-check@^0.4.0", "type-check@~0.4.0":
  "integrity" "sha1-B7ggO/pwVsBlcFDjzNLDdzC6uPE="
  "resolved" "https://rg.cnpmjs.org/type-check/download/type-check-0.4.0.tgz"
  "version" "0.4.0"
  dependencies:
    "prelude-ls" "^1.2.1"

"uc.micro@^1.0.1", "uc.micro@^1.0.5":
  "integrity" "sha1-nEEagCpAmpH8bPdAgbq6NLJEmaw="
  "resolved" "https://registry.nlark.com/uc.micro/download/uc.micro-1.0.6.tgz"
  "version" "1.0.6"

"unicode-canonical-property-names-ecmascript@^1.0.4":
  "integrity" "sha1-JhmADEyCWADv3YNDr33Zkzy+KBg="
  "resolved" "https://rg.cnpmjs.org/unicode-canonical-property-names-ecmascript/download/unicode-canonical-property-names-ecmascript-1.0.4.tgz"
  "version" "1.0.4"

"unicode-match-property-ecmascript@1.0.4":
  "integrity" "sha1-jtKjJWmWG86SJ9Cc0/+7j+1fAgw="
  "resolved" "https://rg.cnpmjs.org/unicode-match-property-ecmascript/download/unicode-match-property-ecmascript-1.0.4.tgz"
  "version" "1.0.4"
  dependencies:
    "unicode-canonical-property-names-ecmascript" "^1.0.4"
    "unicode-property-aliases-ecmascript" "^1.0.4"

"unicode-match-property-value-ecmascript@1.0.2":
  "integrity" "sha1-nx3HaSbWzPRSMQVk/YNKzgWWY9Q="
  "resolved" "https://rg.cnpmjs.org/unicode-match-property-value-ecmascript/download/unicode-match-property-value-ecmascript-1.0.2.tgz"
  "version" "1.0.2"

"unicode-property-aliases-ecmascript@^1.0.4", "unicode-property-aliases-ecmascript@1.0.4":
  "integrity" "sha1-WlM/MbQxfqdvF9gH+g0RZUYRHdA="
  "resolved" "https://rg.cnpmjs.org/unicode-property-aliases-ecmascript/download/unicode-property-aliases-ecmascript-1.0.4.tgz"
  "version" "1.0.4"

"universalify@^2.0.0":
  "integrity" "sha1-daSYTv7cSwiXXFrrc/Uw0C3yVxc="
  "resolved" "https://registry.npm.taobao.org/universalify/download/universalify-2.0.0.tgz?cache=0&sync_timestamp=1603179967633&other_urls=https%3A%2F%2Fregistry.npm.taobao.org%2Funiversalify%2Fdownload%2Funiversalify-2.0.0.tgz"
  "version" "2.0.0"

"utf-8-validate@^5.0.2":
  "integrity" "sha1-3TLC6CxyAC3J8C62e6Z2H0NFbKE="
  "resolved" "https://registry.nlark.com/utf-8-validate/download/utf-8-validate-5.0.5.tgz?cache=0&sync_timestamp=1620067981778&other_urls=https%3A%2F%2Fregistry.nlark.com%2Futf-8-validate%2Fdownload%2Futf-8-validate-5.0.5.tgz"
  "version" "5.0.5"
  dependencies:
    "node-gyp-build" "^4.2.0"

"util-deprecate@~1.0.1":
  "integrity" "sha1-RQ1Nyfpw3nMnYvvS1KKJgUGaDM8="
  "resolved" "https://registry.npm.taobao.org/util-deprecate/download/util-deprecate-1.0.2.tgz"
  "version" "1.0.2"

"uuid@^8.3.2":
  "integrity" "sha1-gNW1ztJxu5r2xEXyGhoExgbO++I="
  "resolved" "https://registry.npmmirror.com/uuid/download/uuid-8.3.2.tgz"
  "version" "8.3.2"

"vue-loader@^16.3.0":
  "integrity" "sha1-LxleS6D7DiY1ltaDDfF9Gjbok2w="
  "resolved" "https://registry.nlark.com/vue-loader/download/vue-loader-16.3.0.tgz"
  "version" "16.3.0"
  dependencies:
    "chalk" "^4.1.0"
    "hash-sum" "^2.0.0"
    "loader-utils" "^2.0.0"

"word-wrap@^1.2.3":
  "integrity" "sha1-YQY29rH3A4kb00dxzLF/uTtHB5w="
  "resolved" "https://rg.cnpmjs.org/word-wrap/download/word-wrap-1.2.3.tgz"
  "version" "1.2.3"

"ws@^7.2.0":
  "integrity" "sha1-RPwADYftsdnFPlH7xpoKwfaHHWY="
  "resolved" "https://registry.nlark.com/ws/download/ws-7.5.1.tgz?cache=0&sync_timestamp=1624943898320&other_urls=https%3A%2F%2Fregistry.nlark.com%2Fws%2Fdownload%2Fws-7.5.1.tgz"
  "version" "7.5.1"
