# THIS IS AN AUTOGENERATED FILE. DO NOT EDIT THIS FILE DIRECTLY.
# yarn lockfile v1


"@hapi/hoek@^9.0.0":
  version "9.2.0"
  resolved "https://registry.npm.taobao.org/@hapi/hoek/download/@hapi/hoek-9.2.0.tgz?cache=0&sync_timestamp=1618694570157&other_urls=https%3A%2F%2Fregistry.npm.taobao.org%2F%40hapi%2Fhoek%2Fdownload%2F%40hapi%2Fhoek-9.2.0.tgz#f3933a44e365864f4dad5db94158106d511e8131"
  integrity sha1-85M6RONlhk9NrV25QVgQbVEegTE=

"@hapi/topo@^5.0.0":
  version "5.1.0"
  resolved "https://registry.nlark.com/@hapi/topo/download/@hapi/topo-5.1.0.tgz#dc448e332c6c6e37a4dc02fd84ba8d44b9afb012"
  integrity sha1-3ESOMyxsbjek3AL9hLqNRLmvsBI=
  dependencies:
    "@hapi/hoek" "^9.0.0"

"@sideway/address@^4.1.0":
  version "4.1.2"
  resolved "https://registry.nlark.com/@sideway/address/download/@sideway/address-4.1.2.tgz?cache=0&sync_timestamp=1620367945721&other_urls=https%3A%2F%2Fregistry.nlark.com%2F%40sideway%2Faddress%2Fdownload%2F%40sideway%2Faddress-4.1.2.tgz#811b84333a335739d3969cfc434736268170cad1"
  integrity sha1-gRuEMzozVznTlpz8Q0c2JoFwytE=
  dependencies:
    "@hapi/hoek" "^9.0.0"

"@sideway/formula@^3.0.0":
  version "3.0.0"
  resolved "https://registry.npm.taobao.org/@sideway/formula/download/@sideway/formula-3.0.0.tgz#fe158aee32e6bd5de85044be615bc08478a0a13c"
  integrity sha1-/hWK7jLmvV3oUES+YVvAhHigoTw=

"@sideway/pinpoint@^2.0.0":
  version "2.0.0"
  resolved "https://registry.npm.taobao.org/@sideway/pinpoint/download/@sideway/pinpoint-2.0.0.tgz#cff8ffadc372ad29fd3f78277aeb29e632cc70df"
  integrity sha1-z/j/rcNyrSn9P3gneusp5jLMcN8=

base64id@^2.0.0:
  version "2.0.0"
  resolved "https://registry.npm.taobao.org/base64id/download/base64id-2.0.0.tgz#2770ac6bc47d312af97a8bf9a634342e0cd25cb6"
  integrity sha1-J3Csa8R9MSr5eov5pjQ0LgzSXLY=

chrome-remote-interface@^0.31.0:
  version "0.31.0"
  resolved "https://registry.nlark.com/chrome-remote-interface/download/chrome-remote-interface-0.31.0.tgz#0ba5549047cbbeaddac9f898dce37721170d2a21"
  integrity sha1-C6VUkEfLvq3ayfiY3ON3IRcNKiE=
  dependencies:
    commander "2.11.x"
    ws "^7.2.0"

commander@2.11.x:
  version "2.11.0"
  resolved "https://registry.nlark.com/commander/download/commander-2.11.0.tgz?cache=0&sync_timestamp=1624609539421&other_urls=https%3A%2F%2Fregistry.nlark.com%2Fcommander%2Fdownload%2Fcommander-2.11.0.tgz#157152fd1e7a6c8d98a5b715cf376df928004563"
  integrity sha1-FXFS/R56bI2YpbcVzzdt+SgARWM=

core-util-is@~1.0.0:
  version "1.0.2"
  resolved "https://registry.nlark.com/core-util-is/download/core-util-is-1.0.2.tgz#b5fd54220aa2bc5ab57aab7140c940754503c1a7"
  integrity sha1-tf1UIgqivFq1eqtxQMlAdUUDwac=

doctrine@^3.0.0:
  version "3.0.0"
  resolved "https://registry.nlark.com/doctrine/download/doctrine-3.0.0.tgz#addebead72a6574db783639dc87a121773973961"
  integrity sha1-rd6+rXKmV023g2OdyHoSF3OXOWE=
  dependencies:
    esutils "^2.0.2"

errno@^0.1.3:
  version "0.1.8"
  resolved "https://registry.npm.taobao.org/errno/download/errno-0.1.8.tgz#8bb3e9c7d463be4976ff888f76b4809ebc2e811f"
  integrity sha1-i7Ppx9Rjvkl2/4iPdrSAnrwugR8=
  dependencies:
    prr "~1.0.1"

esutils@^2.0.2:
  version "2.0.3"
  resolved "https://registry.npm.taobao.org/esutils/download/esutils-2.0.3.tgz#74d2eb4de0b8da1293711910d50775b9b710ef64"
  integrity sha1-dNLrTeC42hKTcRkQ1Qd1ubcQ72Q=

fs-extra@^10.0.0:
  version "10.0.0"
  resolved "https://registry.nlark.com/fs-extra/download/fs-extra-10.0.0.tgz#9ff61b655dde53fb34a82df84bb214ce802e17c1"
  integrity sha1-n/YbZV3eU/s0qC34S7IUzoAuF8E=
  dependencies:
    graceful-fs "^4.2.0"
    jsonfile "^6.0.1"
    universalify "^2.0.0"

graceful-fs@^4.1.6, graceful-fs@^4.2.0:
  version "4.2.6"
  resolved "https://registry.nlark.com/graceful-fs/download/graceful-fs-4.2.6.tgz#ff040b2b0853b23c3d31027523706f1885d76bee"
  integrity sha1-/wQLKwhTsjw9MQJ1I3BvGIXXa+4=

inherits@~2.0.3:
  version "2.0.4"
  resolved "https://registry.npm.taobao.org/inherits/download/inherits-2.0.4.tgz#0fa2c64f932917c3433a0ded55363aae37416b7c"
  integrity sha1-D6LGT5MpF8NDOg3tVTY6rjdBa3w=

isarray@~1.0.0:
  version "1.0.0"
  resolved "https://registry.npm.taobao.org/isarray/download/isarray-1.0.0.tgz#bb935d48582cba168c06834957a54a3e07124f11"
  integrity sha1-u5NdSFgsuhaMBoNJV6VKPgcSTxE=

joi@^17.4.0:
  version "17.4.0"
  resolved "https://registry.npm.taobao.org/joi/download/joi-17.4.0.tgz?cache=0&sync_timestamp=1612746637426&other_urls=https%3A%2F%2Fregistry.npm.taobao.org%2Fjoi%2Fdownload%2Fjoi-17.4.0.tgz#b5c2277c8519e016316e49ababd41a1908d9ef20"
  integrity sha1-tcInfIUZ4BYxbkmrq9QaGQjZ7yA=
  dependencies:
    "@hapi/hoek" "^9.0.0"
    "@hapi/topo" "^5.0.0"
    "@sideway/address" "^4.1.0"
    "@sideway/formula" "^3.0.0"
    "@sideway/pinpoint" "^2.0.0"

jsonfile@^6.0.1:
  version "6.1.0"
  resolved "https://registry.npm.taobao.org/jsonfile/download/jsonfile-6.1.0.tgz?cache=0&sync_timestamp=1604161797011&other_urls=https%3A%2F%2Fregistry.npm.taobao.org%2Fjsonfile%2Fdownload%2Fjsonfile-6.1.0.tgz#bc55b2634793c679ec6403094eb13698a6ec0aae"
  integrity sha1-vFWyY0eTxnnsZAMJTrE2mKbsCq4=
  dependencies:
    universalify "^2.0.0"
  optionalDependencies:
    graceful-fs "^4.1.6"

memory-fs@^0.5.0:
  version "0.5.0"
  resolved "https://registry.npm.taobao.org/memory-fs/download/memory-fs-0.5.0.tgz?cache=0&sync_timestamp=1599056143395&other_urls=https%3A%2F%2Fregistry.npm.taobao.org%2Fmemory-fs%2Fdownload%2Fmemory-fs-0.5.0.tgz#324c01288b88652966d161db77838720845a8e3c"
  integrity sha1-MkwBKIuIZSlm0WHbd4OHIIRajjw=
  dependencies:
    errno "^0.1.3"
    readable-stream "^2.0.1"

mime@^2.5.2:
  version "2.5.2"
  resolved "https://registry.npm.taobao.org/mime/download/mime-2.5.2.tgz#6e3dc6cc2b9510643830e5f19d5cb753da5eeabe"
  integrity sha1-bj3GzCuVEGQ4MOXxnVy3U9pe6r4=

process-nextick-args@~2.0.0:
  version "2.0.1"
  resolved "https://registry.npm.taobao.org/process-nextick-args/download/process-nextick-args-2.0.1.tgz#7820d9b16120cc55ca9ae7792680ae7dba6d7fe2"
  integrity sha1-eCDZsWEgzFXKmud5JoCufbptf+I=

prr@~1.0.1:
  version "1.0.1"
  resolved "https://registry.npm.taobao.org/prr/download/prr-1.0.1.tgz#d3fc114ba06995a45ec6893f484ceb1d78f5f476"
  integrity sha1-0/wRS6BplaRexok/SEzrHXj19HY=

readable-stream@^2.0.1:
  version "2.3.7"
  resolved "https://registry.npm.taobao.org/readable-stream/download/readable-stream-2.3.7.tgz#1eca1cf711aef814c04f62252a36a62f6cb23b57"
  integrity sha1-Hsoc9xGu+BTAT2IlKjamL2yyO1c=
  dependencies:
    core-util-is "~1.0.0"
    inherits "~2.0.3"
    isarray "~1.0.0"
    process-nextick-args "~2.0.0"
    safe-buffer "~5.1.1"
    string_decoder "~1.1.1"
    util-deprecate "~1.0.1"

safe-buffer@~5.1.0, safe-buffer@~5.1.1:
  version "5.1.2"
  resolved "https://registry.npm.taobao.org/safe-buffer/download/safe-buffer-5.1.2.tgz#991ec69d296e0313747d59bdfd2b745c35f8828d"
  integrity sha1-mR7GnSluAxN0fVm9/St0XDX4go0=

string_decoder@~1.1.1:
  version "1.1.1"
  resolved "https://registry.nlark.com/string_decoder/download/string_decoder-1.1.1.tgz#9cf1611ba62685d7030ae9e4ba34149c3af03fc8"
  integrity sha1-nPFhG6YmhdcDCunkujQUnDrwP8g=
  dependencies:
    safe-buffer "~5.1.0"

universalify@^2.0.0:
  version "2.0.0"
  resolved "https://registry.npm.taobao.org/universalify/download/universalify-2.0.0.tgz?cache=0&sync_timestamp=1603179967633&other_urls=https%3A%2F%2Fregistry.npm.taobao.org%2Funiversalify%2Fdownload%2Funiversalify-2.0.0.tgz#75a4984efedc4b08975c5aeb73f530d02df25717"
  integrity sha1-daSYTv7cSwiXXFrrc/Uw0C3yVxc=

util-deprecate@~1.0.1:
  version "1.0.2"
  resolved "https://registry.npm.taobao.org/util-deprecate/download/util-deprecate-1.0.2.tgz#450d4dc9fa70de732762fbd2d4a28981419a0ccf"
  integrity sha1-RQ1Nyfpw3nMnYvvS1KKJgUGaDM8=

ws@^7.2.0:
  version "7.5.2"
  resolved "https://registry.nlark.com/ws/download/ws-7.5.2.tgz?cache=0&other_urls=https%3A%2F%2Fregistry.nlark.com%2Fws%2Fdownload%2Fws-7.5.2.tgz#09cc8fea3bec1bc5ed44ef51b42f945be36900f6"
  integrity sha1-CcyP6jvsG8XtRO9RtC+UW+NpAPY=
