# THIS IS AN AUTOGENERATED FILE. DO NOT EDIT THIS FILE DIRECTLY.
# yarn lockfile v1


"@hapi/hoek@^9.0.0":
  "integrity" "sha1-85M6RONlhk9NrV25QVgQbVEegTE="
  "resolved" "https://registry.npm.taobao.org/@hapi/hoek/download/@hapi/hoek-9.2.0.tgz?cache=0&sync_timestamp=1618694570157&other_urls=https%3A%2F%2Fregistry.npm.taobao.org%2F%40hapi%2Fhoek%2Fdownload%2F%40hapi%2Fhoek-9.2.0.tgz"
  "version" "9.2.0"

"@hapi/topo@^5.0.0":
  "integrity" "sha1-3ESOMyxsbjek3AL9hLqNRLmvsBI="
  "resolved" "https://registry.nlark.com/@hapi/topo/download/@hapi/topo-5.1.0.tgz"
  "version" "5.1.0"
  dependencies:
    "@hapi/hoek" "^9.0.0"

"@sideway/address@^4.1.0":
  "integrity" "sha1-gRuEMzozVznTlpz8Q0c2JoFwytE="
  "resolved" "https://registry.nlark.com/@sideway/address/download/@sideway/address-4.1.2.tgz?cache=0&sync_timestamp=1620367945721&other_urls=https%3A%2F%2Fregistry.nlark.com%2F%40sideway%2Faddress%2Fdownload%2F%40sideway%2Faddress-4.1.2.tgz"
  "version" "4.1.2"
  dependencies:
    "@hapi/hoek" "^9.0.0"

"@sideway/formula@^3.0.0":
  "integrity" "sha1-/hWK7jLmvV3oUES+YVvAhHigoTw="
  "resolved" "https://registry.npm.taobao.org/@sideway/formula/download/@sideway/formula-3.0.0.tgz"
  "version" "3.0.0"

"@sideway/pinpoint@^2.0.0":
  "integrity" "sha1-z/j/rcNyrSn9P3gneusp5jLMcN8="
  "resolved" "https://registry.npm.taobao.org/@sideway/pinpoint/download/@sideway/pinpoint-2.0.0.tgz"
  "version" "2.0.0"

"ansi-styles@^4.1.0":
  "integrity" "sha1-7dgDYornHATIWuegkG7a00tkiTc="
  "resolved" "https://registry.nlark.com/ansi-styles/download/ansi-styles-4.3.0.tgz"
  "version" "4.3.0"
  dependencies:
    "color-convert" "^2.0.1"

"base64id@^2.0.0":
  "integrity" "sha1-J3Csa8R9MSr5eov5pjQ0LgzSXLY="
  "resolved" "https://registry.npm.taobao.org/base64id/download/base64id-2.0.0.tgz"
  "version" "2.0.0"

"big.js@^5.2.2":
  "integrity" "sha1-ZfCvOC9Xi83HQr2cKB6cstd2gyg="
  "resolved" "https://registry.nlark.com/big.js/download/big.js-5.2.2.tgz"
  "version" "5.2.2"

"bufferutil@^4.0.1":
  "integrity" "sha1-ZnJLdWvtI818KMTTBteZT5lDzGs="
  "resolved" "https://registry.npm.taobao.org/bufferutil/download/bufferutil-4.0.3.tgz"
  "version" "4.0.3"
  dependencies:
    "node-gyp-build" "^4.2.0"

"chalk@^4.1.0":
  "integrity" "sha1-yAs/qyi/Y3HmhjMl7uZ+YYt35q0="
  "resolved" "https://registry.nlark.com/chalk/download/chalk-4.1.1.tgz?cache=0&sync_timestamp=1618995367379&other_urls=https%3A%2F%2Fregistry.nlark.com%2Fchalk%2Fdownload%2Fchalk-4.1.1.tgz"
  "version" "4.1.1"
  dependencies:
    "ansi-styles" "^4.1.0"
    "supports-color" "^7.1.0"

"chrome-remote-interface@^0.31.0":
  "integrity" "sha1-C6VUkEfLvq3ayfiY3ON3IRcNKiE="
  "resolved" "https://registry.nlark.com/chrome-remote-interface/download/chrome-remote-interface-0.31.0.tgz"
  "version" "0.31.0"
  dependencies:
    "commander" "2.11.x"
    "ws" "^7.2.0"

"color-convert@^2.0.1":
  "integrity" "sha1-ctOmjVmMm9s68q0ehPIdiWq9TeM="
  "resolved" "https://registry.npm.taobao.org/color-convert/download/color-convert-2.0.1.tgz?cache=0&sync_timestamp=1566248870121&other_urls=https%3A%2F%2Fregistry.npm.taobao.org%2Fcolor-convert%2Fdownload%2Fcolor-convert-2.0.1.tgz"
  "version" "2.0.1"
  dependencies:
    "color-name" "~1.1.4"

"color-name@~1.1.4":
  "integrity" "sha1-wqCah6y95pVD3m9j+jmVyCbFNqI="
  "resolved" "https://registry.npm.taobao.org/color-name/download/color-name-1.1.4.tgz"
  "version" "1.1.4"

"commander@2.11.x":
  "integrity" "sha1-FXFS/R56bI2YpbcVzzdt+SgARWM="
  "resolved" "https://registry.nlark.com/commander/download/commander-2.11.0.tgz?cache=0&sync_timestamp=1624609539421&other_urls=https%3A%2F%2Fregistry.nlark.com%2Fcommander%2Fdownload%2Fcommander-2.11.0.tgz"
  "version" "2.11.0"

"core-util-is@~1.0.0":
  "integrity" "sha1-tf1UIgqivFq1eqtxQMlAdUUDwac="
  "resolved" "https://registry.npm.taobao.org/core-util-is/download/core-util-is-1.0.2.tgz"
  "version" "1.0.2"

"doctrine@^3.0.0":
  "integrity" "sha1-rd6+rXKmV023g2OdyHoSF3OXOWE="
  "resolved" "https://registry.nlark.com/doctrine/download/doctrine-3.0.0.tgz"
  "version" "3.0.0"
  dependencies:
    "esutils" "^2.0.2"

"emojis-list@^3.0.0":
  "integrity" "sha1-VXBmIEatKeLpFucariYKvf9Pang="
  "resolved" "https://registry.npm.taobao.org/emojis-list/download/emojis-list-3.0.0.tgz"
  "version" "3.0.0"

"errno@^0.1.3":
  "integrity" "sha1-i7Ppx9Rjvkl2/4iPdrSAnrwugR8="
  "resolved" "https://registry.npm.taobao.org/errno/download/errno-0.1.8.tgz"
  "version" "0.1.8"
  dependencies:
    "prr" "~1.0.1"

"esutils@^2.0.2":
  "integrity" "sha1-dNLrTeC42hKTcRkQ1Qd1ubcQ72Q="
  "resolved" "https://registry.npm.taobao.org/esutils/download/esutils-2.0.3.tgz"
  "version" "2.0.3"

"fs-extra@^10.0.0":
  "integrity" "sha1-n/YbZV3eU/s0qC34S7IUzoAuF8E="
  "resolved" "https://registry.nlark.com/fs-extra/download/fs-extra-10.0.0.tgz"
  "version" "10.0.0"
  dependencies:
    "graceful-fs" "^4.2.0"
    "jsonfile" "^6.0.1"
    "universalify" "^2.0.0"

"graceful-fs@^4.1.6", "graceful-fs@^4.2.0":
  "integrity" "sha1-/wQLKwhTsjw9MQJ1I3BvGIXXa+4="
  "resolved" "https://registry.npm.taobao.org/graceful-fs/download/graceful-fs-4.2.6.tgz"
  "version" "4.2.6"

"has-flag@^4.0.0":
  "integrity" "sha1-lEdx/ZyByBJlxNaUGGDaBrtZR5s="
  "resolved" "https://registry.npm.taobao.org/has-flag/download/has-flag-4.0.0.tgz"
  "version" "4.0.0"

"hash-sum@^2.0.0":
  "integrity" "sha1-gdAbtd6OpKIUrV1urRtSNGCwtFo="
  "resolved" "https://registry.npm.taobao.org/hash-sum/download/hash-sum-2.0.0.tgz"
  "version" "2.0.0"

"inherits@~2.0.3":
  "integrity" "sha1-D6LGT5MpF8NDOg3tVTY6rjdBa3w="
  "resolved" "https://registry.npm.taobao.org/inherits/download/inherits-2.0.4.tgz?cache=0&sync_timestamp=1560975547815&other_urls=https%3A%2F%2Fregistry.npm.taobao.org%2Finherits%2Fdownload%2Finherits-2.0.4.tgz"
  "version" "2.0.4"

"isarray@~1.0.0":
  "integrity" "sha1-u5NdSFgsuhaMBoNJV6VKPgcSTxE="
  "resolved" "https://registry.npm.taobao.org/isarray/download/isarray-1.0.0.tgz?cache=0&sync_timestamp=1562592096220&other_urls=https%3A%2F%2Fregistry.npm.taobao.org%2Fisarray%2Fdownload%2Fisarray-1.0.0.tgz"
  "version" "1.0.0"

"joi@^17.4.0":
  "integrity" "sha1-FdLyPIy+TRut7S3RkMWPjb4RzKA="
  "resolved" "https://registry.nlark.com/joi/download/joi-17.4.1.tgz"
  "version" "17.4.1"
  dependencies:
    "@hapi/hoek" "^9.0.0"
    "@hapi/topo" "^5.0.0"
    "@sideway/address" "^4.1.0"
    "@sideway/formula" "^3.0.0"
    "@sideway/pinpoint" "^2.0.0"

"json5@^2.1.2":
  "integrity" "sha1-Lf7+cgxrpSXZ69kJlQ8FFTFsiaM="
  "resolved" "https://registry.npm.taobao.org/json5/download/json5-2.2.0.tgz"
  "version" "2.2.0"
  dependencies:
    "minimist" "^1.2.5"

"jsonfile@^6.0.1":
  "integrity" "sha1-vFWyY0eTxnnsZAMJTrE2mKbsCq4="
  "resolved" "https://registry.npm.taobao.org/jsonfile/download/jsonfile-6.1.0.tgz?cache=0&sync_timestamp=1604161797011&other_urls=https%3A%2F%2Fregistry.npm.taobao.org%2Fjsonfile%2Fdownload%2Fjsonfile-6.1.0.tgz"
  "version" "6.1.0"
  dependencies:
    "universalify" "^2.0.0"
  optionalDependencies:
    "graceful-fs" "^4.1.6"

"loader-utils@^2.0.0":
  "integrity" "sha1-5MrOW4FtQloWa18JfhDNErNgZLA="
  "resolved" "https://registry.npm.taobao.org/loader-utils/download/loader-utils-2.0.0.tgz"
  "version" "2.0.0"
  dependencies:
    "big.js" "^5.2.2"
    "emojis-list" "^3.0.0"
    "json5" "^2.1.2"

"memory-fs@^0.5.0":
  "integrity" "sha1-MkwBKIuIZSlm0WHbd4OHIIRajjw="
  "resolved" "https://registry.npm.taobao.org/memory-fs/download/memory-fs-0.5.0.tgz?cache=0&sync_timestamp=1599056143395&other_urls=https%3A%2F%2Fregistry.npm.taobao.org%2Fmemory-fs%2Fdownload%2Fmemory-fs-0.5.0.tgz"
  "version" "0.5.0"
  dependencies:
    "errno" "^0.1.3"
    "readable-stream" "^2.0.1"

"mime@^2.5.2":
  "integrity" "sha1-bj3GzCuVEGQ4MOXxnVy3U9pe6r4="
  "resolved" "https://registry.npm.taobao.org/mime/download/mime-2.5.2.tgz"
  "version" "2.5.2"

"minimist@^1.2.5":
  "integrity" "sha1-Z9ZgFLZqaoqqDAg8X9WN9OTpdgI="
  "resolved" "https://registry.npm.taobao.org/minimist/download/minimist-1.2.5.tgz?cache=0&sync_timestamp=1584060927134&other_urls=https%3A%2F%2Fregistry.npm.taobao.org%2Fminimist%2Fdownload%2Fminimist-1.2.5.tgz"
  "version" "1.2.5"

"node-gyp-build@^4.2.0":
  "integrity" "sha1-zmJ3+FODX3GIKe+0fbIPPk2cRzk="
  "resolved" "https://registry.npm.taobao.org/node-gyp-build/download/node-gyp-build-4.2.3.tgz?cache=0&sync_timestamp=1595241892444&other_urls=https%3A%2F%2Fregistry.npm.taobao.org%2Fnode-gyp-build%2Fdownload%2Fnode-gyp-build-4.2.3.tgz"
  "version" "4.2.3"

"process-nextick-args@~2.0.0":
  "integrity" "sha1-eCDZsWEgzFXKmud5JoCufbptf+I="
  "resolved" "https://registry.npm.taobao.org/process-nextick-args/download/process-nextick-args-2.0.1.tgz?cache=0&other_urls=https%3A%2F%2Fregistry.npm.taobao.org%2Fprocess-nextick-args%2Fdownload%2Fprocess-nextick-args-2.0.1.tgz"
  "version" "2.0.1"

"prr@~1.0.1":
  "integrity" "sha1-0/wRS6BplaRexok/SEzrHXj19HY="
  "resolved" "https://registry.npm.taobao.org/prr/download/prr-1.0.1.tgz"
  "version" "1.0.1"

"readable-stream@^2.0.1":
  "integrity" "sha1-Hsoc9xGu+BTAT2IlKjamL2yyO1c="
  "resolved" "https://registry.npm.taobao.org/readable-stream/download/readable-stream-2.3.7.tgz"
  "version" "2.3.7"
  dependencies:
    "core-util-is" "~1.0.0"
    "inherits" "~2.0.3"
    "isarray" "~1.0.0"
    "process-nextick-args" "~2.0.0"
    "safe-buffer" "~5.1.1"
    "string_decoder" "~1.1.1"
    "util-deprecate" "~1.0.1"

"safe-buffer@~5.1.0", "safe-buffer@~5.1.1":
  "integrity" "sha1-mR7GnSluAxN0fVm9/St0XDX4go0="
  "resolved" "https://registry.npm.taobao.org/safe-buffer/download/safe-buffer-5.1.2.tgz"
  "version" "5.1.2"

"string_decoder@~1.1.1":
  "integrity" "sha1-nPFhG6YmhdcDCunkujQUnDrwP8g="
  "resolved" "https://registry.npm.taobao.org/string_decoder/download/string_decoder-1.1.1.tgz"
  "version" "1.1.1"
  dependencies:
    "safe-buffer" "~5.1.0"

"supports-color@^7.1.0":
  "integrity" "sha1-G33NyzK4E4gBs+R4umpRyqiWSNo="
  "resolved" "https://registry.nlark.com/supports-color/download/supports-color-7.2.0.tgz?cache=0&sync_timestamp=1622293670728&other_urls=https%3A%2F%2Fregistry.nlark.com%2Fsupports-color%2Fdownload%2Fsupports-color-7.2.0.tgz"
  "version" "7.2.0"
  dependencies:
    "has-flag" "^4.0.0"

"universalify@^2.0.0":
  "integrity" "sha1-daSYTv7cSwiXXFrrc/Uw0C3yVxc="
  "resolved" "https://registry.npm.taobao.org/universalify/download/universalify-2.0.0.tgz?cache=0&sync_timestamp=1603179967633&other_urls=https%3A%2F%2Fregistry.npm.taobao.org%2Funiversalify%2Fdownload%2Funiversalify-2.0.0.tgz"
  "version" "2.0.0"

"utf-8-validate@^5.0.2":
  "integrity" "sha1-3TLC6CxyAC3J8C62e6Z2H0NFbKE="
  "resolved" "https://registry.nlark.com/utf-8-validate/download/utf-8-validate-5.0.5.tgz?cache=0&sync_timestamp=1620067981778&other_urls=https%3A%2F%2Fregistry.nlark.com%2Futf-8-validate%2Fdownload%2Futf-8-validate-5.0.5.tgz"
  "version" "5.0.5"
  dependencies:
    "node-gyp-build" "^4.2.0"

"util-deprecate@~1.0.1":
  "integrity" "sha1-RQ1Nyfpw3nMnYvvS1KKJgUGaDM8="
  "resolved" "https://registry.npm.taobao.org/util-deprecate/download/util-deprecate-1.0.2.tgz"
  "version" "1.0.2"

"vue-loader@^16.3.0":
  "integrity" "sha1-LxleS6D7DiY1ltaDDfF9Gjbok2w="
  "resolved" "https://registry.nlark.com/vue-loader/download/vue-loader-16.3.0.tgz"
  "version" "16.3.0"
  dependencies:
    "chalk" "^4.1.0"
    "hash-sum" "^2.0.0"
    "loader-utils" "^2.0.0"

"ws@^7.2.0":
  "integrity" "sha1-RPwADYftsdnFPlH7xpoKwfaHHWY="
  "resolved" "https://registry.nlark.com/ws/download/ws-7.5.1.tgz?cache=0&sync_timestamp=1624943898320&other_urls=https%3A%2F%2Fregistry.nlark.com%2Fws%2Fdownload%2Fws-7.5.1.tgz"
  "version" "7.5.1"
